// !$*UTF8*$!
{
	archiveVersion = 1;
	classes = {
	};
	objectVersion = 46;
	objects = {

/* Begin PBXBuildFile section */
		C4AA62F71BB4C30E002EFC9B /* SecondViewController.swift in Sources */ = {isa = PBXBuildFile; fileRef = C4AA62F61BB4C30E002EFC9B /* SecondViewController.swift */; settings = {ASSET_TAGS = (); }; };
		C4AA63031BBB2D7C002EFC9B /* Base64Transcoder.m in Sources */ = {isa = PBXBuildFile; fileRef = C4AA62FA1BBB2D7C002EFC9B /* Base64Transcoder.m */; settings = {COMPILER_FLAGS = "-fno-objc-arc"; }; };
		C4AA63041BBB2D7C002EFC9B /* HSK_CFUtilities.m in Sources */ = {isa = PBXBuildFile; fileRef = C4AA62FC1BBB2D7C002EFC9B /* HSK_CFUtilities.m */; settings = {COMPILER_FLAGS = "-fno-objc-arc"; }; };
		C4AA63051BBB2D7C002EFC9B /* NSData+Base64Additions.m in Sources */ = {isa = PBXBuildFile; fileRef = C4AA62FE1BBB2D7C002EFC9B /* NSData+Base64Additions.m */; settings = {COMPILER_FLAGS = "-fno-objc-arc"; }; };
		C4AA63061BBB2D7C002EFC9B /* NSStream+SKPSMTPExtensions.m in Sources */ = {isa = PBXBuildFile; fileRef = C4AA63001BBB2D7C002EFC9B /* NSStream+SKPSMTPExtensions.m */; settings = {COMPILER_FLAGS = "-fno-objc-arc"; }; };
		C4AA63071BBB2D7C002EFC9B /* SKPSMTPMessage.m in Sources */ = {isa = PBXBuildFile; fileRef = C4AA63021BBB2D7C002EFC9B /* SKPSMTPMessage.m */; settings = {COMPILER_FLAGS = "-fno-objc-arc"; }; };
		C4CCAA7D1BB08BE50072208B /* AppDelegate.swift in Sources */ = {isa = PBXBuildFile; fileRef = C4CCAA7C1BB08BE50072208B /* AppDelegate.swift */; };
		C4CCAA7F1BB08BE50072208B /* ViewController.swift in Sources */ = {isa = PBXBuildFile; fileRef = C4CCAA7E1BB08BE50072208B /* ViewController.swift */; };
		C4CCAA821BB08BE50072208B /* Main.storyboard in Resources */ = {isa = PBXBuildFile; fileRef = C4CCAA801BB08BE50072208B /* Main.storyboard */; };
		C4CCAA841BB08BE50072208B /* Assets.xcassets in Resources */ = {isa = PBXBuildFile; fileRef = C4CCAA831BB08BE50072208B /* Assets.xcassets */; };
		C4CCAA871BB08BE50072208B /* LaunchScreen.storyboard in Resources */ = {isa = PBXBuildFile; fileRef = C4CCAA851BB08BE50072208B /* LaunchScreen.storyboard */; };
		C4CCAA921BB08BE50072208B /* FoodTrackerTests.swift in Sources */ = {isa = PBXBuildFile; fileRef = C4CCAA911BB08BE50072208B /* FoodTrackerTests.swift */; };
		C4CCAAA41BB1C6880072208B /* GradientView.swift in Sources */ = {isa = PBXBuildFile; fileRef = C4CCAAA31BB1C6880072208B /* GradientView.swift */; settings = {ASSET_TAGS = (); }; };
/* End PBXBuildFile section */

/* Begin PBXContainerItemProxy section */
		C4CCAA8E1BB08BE50072208B /* PBXContainerItemProxy */ = {
			isa = PBXContainerItemProxy;
			containerPortal = C4CCAA711BB08BE50072208B /* Project object */;
			proxyType = 1;
			remoteGlobalIDString = C4CCAA781BB08BE50072208B;
			remoteInfo = FoodTracker;
		};
/* End PBXContainerItemProxy section */

/* Begin PBXFileReference section */
		C4AA62F61BB4C30E002EFC9B /* SecondViewController.swift */ = {isa = PBXFileReference; fileEncoding = 4; lastKnownFileType = sourcecode.swift; path = SecondViewController.swift; sourceTree = "<group>"; };
		C4AA62F81BBB2D7B002EFC9B /* FoodTracker-Bridging-Header.h */ = {isa = PBXFileReference; lastKnownFileType = sourcecode.c.h; path = "FoodTracker-Bridging-Header.h"; sourceTree = "<group>"; };
		C4AA62F91BBB2D7C002EFC9B /* Base64Transcoder.h */ = {isa = PBXFileReference; fileEncoding = 4; lastKnownFileType = sourcecode.c.h; path = Base64Transcoder.h; sourceTree = "<group>"; };
		C4AA62FA1BBB2D7C002EFC9B /* Base64Transcoder.m */ = {isa = PBXFileReference; fileEncoding = 4; lastKnownFileType = sourcecode.c.objc; path = Base64Transcoder.m; sourceTree = "<group>"; };
		C4AA62FB1BBB2D7C002EFC9B /* HSK_CFUtilities.h */ = {isa = PBXFileReference; fileEncoding = 4; lastKnownFileType = sourcecode.c.h; path = HSK_CFUtilities.h; sourceTree = "<group>"; };
		C4AA62FC1BBB2D7C002EFC9B /* HSK_CFUtilities.m */ = {isa = PBXFileReference; fileEncoding = 4; lastKnownFileType = sourcecode.c.objc; path = HSK_CFUtilities.m; sourceTree = "<group>"; };
		C4AA62FD1BBB2D7C002EFC9B /* NSData+Base64Additions.h */ = {isa = PBXFileReference; fileEncoding = 4; lastKnownFileType = sourcecode.c.h; path = "NSData+Base64Additions.h"; sourceTree = "<group>"; };
		C4AA62FE1BBB2D7C002EFC9B /* NSData+Base64Additions.m */ = {isa = PBXFileReference; fileEncoding = 4; lastKnownFileType = sourcecode.c.objc; path = "NSData+Base64Additions.m"; sourceTree = "<group>"; };
		C4AA62FF1BBB2D7C002EFC9B /* NSStream+SKPSMTPExtensions.h */ = {isa = PBXFileReference; fileEncoding = 4; lastKnownFileType = sourcecode.c.h; path = "NSStream+SKPSMTPExtensions.h"; sourceTree = "<group>"; };
		C4AA63001BBB2D7C002EFC9B /* NSStream+SKPSMTPExtensions.m */ = {isa = PBXFileReference; fileEncoding = 4; lastKnownFileType = sourcecode.c.objc; path = "NSStream+SKPSMTPExtensions.m"; sourceTree = "<group>"; };
		C4AA63011BBB2D7C002EFC9B /* SKPSMTPMessage.h */ = {isa = PBXFileReference; fileEncoding = 4; lastKnownFileType = sourcecode.c.h; path = SKPSMTPMessage.h; sourceTree = "<group>"; };
		C4AA63021BBB2D7C002EFC9B /* SKPSMTPMessage.m */ = {isa = PBXFileReference; fileEncoding = 4; lastKnownFileType = sourcecode.c.objc; path = SKPSMTPMessage.m; sourceTree = "<group>"; };
		C4CCAA791BB08BE50072208B /* Aspen IT Support.app */ = {isa = PBXFileReference; explicitFileType = wrapper.application; includeInIndex = 0; path = "Aspen IT Support.app"; sourceTree = BUILT_PRODUCTS_DIR; };
		C4CCAA7C1BB08BE50072208B /* AppDelegate.swift */ = {isa = PBXFileReference; lastKnownFileType = sourcecode.swift; path = AppDelegate.swift; sourceTree = "<group>"; };
		C4CCAA7E1BB08BE50072208B /* ViewController.swift */ = {isa = PBXFileReference; lastKnownFileType = sourcecode.swift; path = ViewController.swift; sourceTree = "<group>"; };
		C4CCAA811BB08BE50072208B /* Base */ = {isa = PBXFileReference; lastKnownFileType = file.storyboard; name = Base; path = Base.lproj/Main.storyboard; sourceTree = "<group>"; };
		C4CCAA831BB08BE50072208B /* Assets.xcassets */ = {isa = PBXFileReference; lastKnownFileType = folder.assetcatalog; path = Assets.xcassets; sourceTree = "<group>"; };
		C4CCAA861BB08BE50072208B /* Base */ = {isa = PBXFileReference; lastKnownFileType = file.storyboard; name = Base; path = Base.lproj/LaunchScreen.storyboard; sourceTree = "<group>"; };
		C4CCAA881BB08BE50072208B /* Info.plist */ = {isa = PBXFileReference; lastKnownFileType = text.plist.xml; path = Info.plist; sourceTree = "<group>"; };
		C4CCAA8D1BB08BE50072208B /* Aspen IT Support.xctest */ = {isa = PBXFileReference; explicitFileType = wrapper.cfbundle; includeInIndex = 0; path = "Aspen IT Support.xctest"; sourceTree = BUILT_PRODUCTS_DIR; };
		C4CCAA911BB08BE50072208B /* FoodTrackerTests.swift */ = {isa = PBXFileReference; lastKnownFileType = sourcecode.swift; path = FoodTrackerTests.swift; sourceTree = "<group>"; };
		C4CCAA931BB08BE50072208B /* Info.plist */ = {isa = PBXFileReference; lastKnownFileType = text.plist.xml; path = Info.plist; sourceTree = "<group>"; };
		C4CCAAA31BB1C6880072208B /* GradientView.swift */ = {isa = PBXFileReference; fileEncoding = 4; lastKnownFileType = sourcecode.swift; path = GradientView.swift; sourceTree = "<group>"; };
/* End PBXFileReference section */

/* Begin PBXFrameworksBuildPhase section */
		C4CCAA761BB08BE50072208B /* Frameworks */ = {
			isa = PBXFrameworksBuildPhase;
			buildActionMask = 2147483647;
			files = (
			);
			runOnlyForDeploymentPostprocessing = 0;
		};
		C4CCAA8A1BB08BE50072208B /* Frameworks */ = {
			isa = PBXFrameworksBuildPhase;
			buildActionMask = 2147483647;
			files = (
			);
			runOnlyForDeploymentPostprocessing = 0;
		};
/* End PBXFrameworksBuildPhase section */

/* Begin PBXGroup section */
		C4CCAA701BB08BE50072208B = {
			isa = PBXGroup;
			children = (
				C4CCAA7B1BB08BE50072208B /* Five9ITSupport */,
				C4CCAA901BB08BE50072208B /* FoodTrackerTests */,
				C4CCAA7A1BB08BE50072208B /* Products */,
			);
			sourceTree = "<group>";
		};
		C4CCAA7A1BB08BE50072208B /* Products */ = {
			isa = PBXGroup;
			children = (
				C4CCAA791BB08BE50072208B /* Aspen IT Support.app */,
				C4CCAA8D1BB08BE50072208B /* Aspen IT Support.xctest */,
			);
			name = Products;
			sourceTree = "<group>";
		};
		C4CCAA7B1BB08BE50072208B /* Five9ITSupport */ = {
			isa = PBXGroup;
			children = (
				C4AA62F91BBB2D7C002EFC9B /* Base64Transcoder.h */,
				C4AA62FA1BBB2D7C002EFC9B /* Base64Transcoder.m */,
				C4AA62FB1BBB2D7C002EFC9B /* HSK_CFUtilities.h */,
				C4AA62FC1BBB2D7C002EFC9B /* HSK_CFUtilities.m */,
				C4AA62FD1BBB2D7C002EFC9B /* NSData+Base64Additions.h */,
				C4AA62FE1BBB2D7C002EFC9B /* NSData+Base64Additions.m */,
				C4AA62FF1BBB2D7C002EFC9B /* NSStream+SKPSMTPExtensions.h */,
				C4AA63001BBB2D7C002EFC9B /* NSStream+SKPSMTPExtensions.m */,
				C4AA63011BBB2D7C002EFC9B /* SKPSMTPMessage.h */,
				C4AA63021BBB2D7C002EFC9B /* SKPSMTPMessage.m */,
				C4CCAA7C1BB08BE50072208B /* AppDelegate.swift */,
				C4CCAA7E1BB08BE50072208B /* ViewController.swift */,
				C4CCAA801BB08BE50072208B /* Main.storyboard */,
				C4AA62F61BB4C30E002EFC9B /* SecondViewController.swift */,
				C4CCAA831BB08BE50072208B /* Assets.xcassets */,
				C4CCAA851BB08BE50072208B /* LaunchScreen.storyboard */,
				C4CCAA881BB08BE50072208B /* Info.plist */,
				C4CCAAA31BB1C6880072208B /* GradientView.swift */,
				C4AA62F81BBB2D7B002EFC9B /* FoodTracker-Bridging-Header.h */,
			);
			name = Five9ITSupport;
			path = FoodTracker;
			sourceTree = "<group>";
		};
		C4CCAA901BB08BE50072208B /* FoodTrackerTests */ = {
			isa = PBXGroup;
			children = (
				C4CCAA911BB08BE50072208B /* FoodTrackerTests.swift */,
				C4CCAA931BB08BE50072208B /* Info.plist */,
			);
			path = FoodTrackerTests;
			sourceTree = "<group>";
		};
/* End PBXGroup section */

/* Begin PBXNativeTarget section */
		C4CCAA781BB08BE50072208B /* Aspen IT Support */ = {
			isa = PBXNativeTarget;
			buildConfigurationList = C4CCAA961BB08BE50072208B /* Build configuration list for PBXNativeTarget "Aspen IT Support" */;
			buildPhases = (
				C4CCAA751BB08BE50072208B /* Sources */,
				C4CCAA761BB08BE50072208B /* Frameworks */,
				C4CCAA771BB08BE50072208B /* Resources */,
			);
			buildRules = (
			);
			dependencies = (
			);
			name = "Aspen IT Support";
			productName = FoodTracker;
			productReference = C4CCAA791BB08BE50072208B /* Aspen IT Support.app */;
			productType = "com.apple.product-type.application";
		};
		C4CCAA8C1BB08BE50072208B /* Aspen IT SupportTests */ = {
			isa = PBXNativeTarget;
			buildConfigurationList = C4CCAA991BB08BE50072208B /* Build configuration list for PBXNativeTarget "Aspen IT SupportTests" */;
			buildPhases = (
				C4CCAA891BB08BE50072208B /* Sources */,
				C4CCAA8A1BB08BE50072208B /* Frameworks */,
				C4CCAA8B1BB08BE50072208B /* Resources */,
			);
			buildRules = (
			);
			dependencies = (
				C4CCAA8F1BB08BE50072208B /* PBXTargetDependency */,
			);
			name = "Aspen IT SupportTests";
			productName = FoodTrackerTests;
			productReference = C4CCAA8D1BB08BE50072208B /* Aspen IT Support.xctest */;
			productType = "com.apple.product-type.bundle.unit-test";
		};
/* End PBXNativeTarget section */

/* Begin PBXProject section */
		C4CCAA711BB08BE50072208B /* Project object */ = {
			isa = PBXProject;
			attributes = {
				LastSwiftUpdateCheck = 0700;
				LastUpgradeCheck = 0700;
				ORGANIZATIONNAME = "Andrew Gai";
				TargetAttributes = {
					C4CCAA781BB08BE50072208B = {
						CreatedOnToolsVersion = 7.0;
						DevelopmentTeam = GNBLSC9463;
					};
					C4CCAA8C1BB08BE50072208B = {
						CreatedOnToolsVersion = 7.0;
						TestTargetID = C4CCAA781BB08BE50072208B;
					};
				};
			};
			buildConfigurationList = C4CCAA741BB08BE50072208B /* Build configuration list for PBXProject "Aspen IT Support" */;
			compatibilityVersion = "Xcode 3.2";
			developmentRegion = English;
			hasScannedForEncodings = 0;
			knownRegions = (
				en,
				Base,
			);
			mainGroup = C4CCAA701BB08BE50072208B;
			productRefGroup = C4CCAA7A1BB08BE50072208B /* Products */;
			projectDirPath = "";
			projectRoot = "";
			targets = (
				C4CCAA781BB08BE50072208B /* Aspen IT Support */,
				C4CCAA8C1BB08BE50072208B /* Aspen IT SupportTests */,
			);
		};
/* End PBXProject section */

/* Begin PBXResourcesBuildPhase section */
		C4CCAA771BB08BE50072208B /* Resources */ = {
			isa = PBXResourcesBuildPhase;
			buildActionMask = 2147483647;
			files = (
				C4CCAA871BB08BE50072208B /* LaunchScreen.storyboard in Resources */,
				C4CCAA841BB08BE50072208B /* Assets.xcassets in Resources */,
				C4CCAA821BB08BE50072208B /* Main.storyboard in Resources */,
			);
			runOnlyForDeploymentPostprocessing = 0;
		};
		C4CCAA8B1BB08BE50072208B /* Resources */ = {
			isa = PBXResourcesBuildPhase;
			buildActionMask = 2147483647;
			files = (
			);
			runOnlyForDeploymentPostprocessing = 0;
		};
/* End PBXResourcesBuildPhase section */

/* Begin PBXSourcesBuildPhase section */
		C4CCAA751BB08BE50072208B /* Sources */ = {
			isa = PBXSourcesBuildPhase;
			buildActionMask = 2147483647;
			files = (
				C4AA63041BBB2D7C002EFC9B /* HSK_CFUtilities.m in Sources */,
				C4AA63061BBB2D7C002EFC9B /* NSStream+SKPSMTPExtensions.m in Sources */,
				C4AA63071BBB2D7C002EFC9B /* SKPSMTPMessage.m in Sources */,
				C4AA62F71BB4C30E002EFC9B /* SecondViewController.swift in Sources */,
				C4CCAA7F1BB08BE50072208B /* ViewController.swift in Sources */,
				C4AA63051BBB2D7C002EFC9B /* NSData+Base64Additions.m in Sources */,
				C4CCAA7D1BB08BE50072208B /* AppDelegate.swift in Sources */,
				C4AA63031BBB2D7C002EFC9B /* Base64Transcoder.m in Sources */,
				C4CCAAA41BB1C6880072208B /* GradientView.swift in Sources */,
			);
			runOnlyForDeploymentPostprocessing = 0;
		};
		C4CCAA891BB08BE50072208B /* Sources */ = {
			isa = PBXSourcesBuildPhase;
			buildActionMask = 2147483647;
			files = (
				C4CCAA921BB08BE50072208B /* FoodTrackerTests.swift in Sources */,
			);
			runOnlyForDeploymentPostprocessing = 0;
		};
/* End PBXSourcesBuildPhase section */

/* Begin PBXTargetDependency section */
		C4CCAA8F1BB08BE50072208B /* PBXTargetDependency */ = {
			isa = PBXTargetDependency;
			target = C4CCAA781BB08BE50072208B /* Aspen IT Support */;
			targetProxy = C4CCAA8E1BB08BE50072208B /* PBXContainerItemProxy */;
		};
/* End PBXTargetDependency section */

/* Begin PBXVariantGroup section */
		C4CCAA801BB08BE50072208B /* Main.storyboard */ = {
			isa = PBXVariantGroup;
			children = (
				C4CCAA811BB08BE50072208B /* Base */,
			);
			name = Main.storyboard;
			sourceTree = "<group>";
		};
		C4CCAA851BB08BE50072208B /* LaunchScreen.storyboard */ = {
			isa = PBXVariantGroup;
			children = (
				C4CCAA861BB08BE50072208B /* Base */,
			);
			name = LaunchScreen.storyboard;
			sourceTree = "<group>";
		};
/* End PBXVariantGroup section */

/* Begin XCBuildConfiguration section */
		C4CCAA941BB08BE50072208B /* Debug */ = {
			isa = XCBuildConfiguration;
			buildSettings = {
				ALWAYS_SEARCH_USER_PATHS = NO;
				CLANG_CXX_LANGUAGE_STANDARD = "gnu++0x";
				CLANG_CXX_LIBRARY = "libc++";
				CLANG_ENABLE_MODULES = YES;
				CLANG_ENABLE_OBJC_ARC = YES;
				CLANG_WARN_BOOL_CONVERSION = YES;
				CLANG_WARN_CONSTANT_CONVERSION = YES;
				CLANG_WARN_DIRECT_OBJC_ISA_USAGE = YES_ERROR;
				CLANG_WARN_EMPTY_BODY = YES;
				CLANG_WARN_ENUM_CONVERSION = YES;
				CLANG_WARN_INT_CONVERSION = YES;
				CLANG_WARN_OBJC_ROOT_CLASS = YES_ERROR;
				CLANG_WARN_UNREACHABLE_CODE = YES;
				CLANG_WARN__DUPLICATE_METHOD_MATCH = YES;
				"CODE_SIGN_IDENTITY[sdk=iphoneos*]" = "iPhone Developer";
				COPY_PHASE_STRIP = NO;
				DEBUG_INFORMATION_FORMAT = dwarf;
				ENABLE_STRICT_OBJC_MSGSEND = YES;
				ENABLE_TESTABILITY = YES;
				GCC_C_LANGUAGE_STANDARD = gnu99;
				GCC_DYNAMIC_NO_PIC = NO;
				GCC_NO_COMMON_BLOCKS = YES;
				GCC_OPTIMIZATION_LEVEL = 0;
				GCC_PREPROCESSOR_DEFINITIONS = (
					"DEBUG=1",
					"$(inherited)",
				);
				GCC_WARN_64_TO_32_BIT_CONVERSION = YES;
				GCC_WARN_ABOUT_RETURN_TYPE = YES_ERROR;
				GCC_WARN_UNDECLARED_SELECTOR = YES;
				GCC_WARN_UNINITIALIZED_AUTOS = YES_AGGRESSIVE;
				GCC_WARN_UNUSED_FUNCTION = YES;
				GCC_WARN_UNUSED_VARIABLE = YES;
				IPHONEOS_DEPLOYMENT_TARGET = 9.0;
				MTL_ENABLE_DEBUG_INFO = YES;
				ONLY_ACTIVE_ARCH = YES;
				SDKROOT = iphoneos;
				SWIFT_OPTIMIZATION_LEVEL = "-Onone";
				TARGETED_DEVICE_FAMILY = "1,2";
			};
			name = Debug;
		};
		C4CCAA951BB08BE50072208B /* Release */ = {
			isa = XCBuildConfiguration;
			buildSettings = {
				ALWAYS_SEARCH_USER_PATHS = NO;
				CLANG_CXX_LANGUAGE_STANDARD = "gnu++0x";
				CLANG_CXX_LIBRARY = "libc++";
				CLANG_ENABLE_MODULES = YES;
				CLANG_ENABLE_OBJC_ARC = YES;
				CLANG_WARN_BOOL_CONVERSION = YES;
				CLANG_WARN_CONSTANT_CONVERSION = YES;
				CLANG_WARN_DIRECT_OBJC_ISA_USAGE = YES_ERROR;
				CLANG_WARN_EMPTY_BODY = YES;
				CLANG_WARN_ENUM_CONVERSION = YES;
				CLANG_WARN_INT_CONVERSION = YES;
				CLANG_WARN_OBJC_ROOT_CLASS = YES_ERROR;
				CLANG_WARN_UNREACHABLE_CODE = YES;
				CLANG_WARN__DUPLICATE_METHOD_MATCH = YES;
				"CODE_SIGN_IDENTITY[sdk=iphoneos*]" = "iPhone Developer";
				COPY_PHASE_STRIP = NO;
				DEBUG_INFORMATION_FORMAT = "dwarf-with-dsym";
				ENABLE_NS_ASSERTIONS = NO;
				ENABLE_STRICT_OBJC_MSGSEND = YES;
				GCC_C_LANGUAGE_STANDARD = gnu99;
				GCC_NO_COMMON_BLOCKS = YES;
				GCC_WARN_64_TO_32_BIT_CONVERSION = YES;
				GCC_WARN_ABOUT_RETURN_TYPE = YES_ERROR;
				GCC_WARN_UNDECLARED_SELECTOR = YES;
				GCC_WARN_UNINITIALIZED_AUTOS = YES_AGGRESSIVE;
				GCC_WARN_UNUSED_FUNCTION = YES;
				GCC_WARN_UNUSED_VARIABLE = YES;
				IPHONEOS_DEPLOYMENT_TARGET = 9.0;
				MTL_ENABLE_DEBUG_INFO = NO;
				SDKROOT = iphoneos;
				TARGETED_DEVICE_FAMILY = "1,2";
				VALIDATE_PRODUCT = YES;
			};
			name = Release;
		};
		C4CCAA971BB08BE50072208B /* Debug */ = {
			isa = XCBuildConfiguration;
			buildSettings = {
				ASSETCATALOG_COMPILER_APPICON_NAME = AppIcon;
				CLANG_ENABLE_MODULES = YES;
				CODE_SIGN_IDENTITY = "iPhone Developer";
				"CODE_SIGN_IDENTITY[sdk=iphoneos*]" = "iPhone Developer";
				INFOPLIST_FILE = FoodTracker/Info.plist;
				IPHONEOS_DEPLOYMENT_TARGET = 9.0;
				LD_RUNPATH_SEARCH_PATHS = "$(inherited) @executable_path/Frameworks";
				PRODUCT_BUNDLE_IDENTIFIER = com.example.Five9ITSupport;
				PRODUCT_NAME = "Aspen IT Support";
				PROVISIONING_PROFILE = "";
				SWIFT_OBJC_BRIDGING_HEADER = "FoodTracker/FoodTracker-Bridging-Header.h";
				SWIFT_OPTIMIZATION_LEVEL = "-Onone";
				TARGETED_DEVICE_FAMILY = "1,2";
			};
			name = Debug;
		};
		C4CCAA981BB08BE50072208B /* Release */ = {
			isa = XCBuildConfiguration;
			buildSettings = {
				ASSETCATALOG_COMPILER_APPICON_NAME = AppIcon;
				CLANG_ENABLE_MODULES = YES;
				CODE_SIGN_IDENTITY = "iPhone Developer";
				"CODE_SIGN_IDENTITY[sdk=iphoneos*]" = "iPhone Developer";
				INFOPLIST_FILE = FoodTracker/Info.plist;
				IPHONEOS_DEPLOYMENT_TARGET = 9.0;
				LD_RUNPATH_SEARCH_PATHS = "$(inherited) @executable_path/Frameworks";
				PRODUCT_BUNDLE_IDENTIFIER = com.example.Five9ITSupport;
				PRODUCT_NAME = "Aspen IT Support";
				PROVISIONING_PROFILE = "";
				SWIFT_OBJC_BRIDGING_HEADER = "FoodTracker/FoodTracker-Bridging-Header.h";
				TARGETED_DEVICE_FAMILY = "1,2";
			};
			name = Release;
		};
		C4CCAA9A1BB08BE50072208B /* Debug */ = {
			isa = XCBuildConfiguration;
			buildSettings = {
				BUNDLE_LOADER = "$(TEST_HOST)";
				INFOPLIST_FILE = FoodTrackerTests/Info.plist;
				LD_RUNPATH_SEARCH_PATHS = "$(inherited) @executable_path/Frameworks @loader_path/Frameworks";
				PRODUCT_BUNDLE_IDENTIFIER = com.example.FoodTrackerTests;
				PRODUCT_NAME = "Aspen IT Support";
				TEST_HOST = "$(BUILT_PRODUCTS_DIR)/Aspen IT Support.app/Aspen IT Support";
			};
			name = Debug;
		};
		C4CCAA9B1BB08BE50072208B /* Release */ = {
			isa = XCBuildConfiguration;
			buildSettings = {
				BUNDLE_LOADER = "$(TEST_HOST)";
				INFOPLIST_FILE = FoodTrackerTests/Info.plist;
				LD_RUNPATH_SEARCH_PATHS = "$(inherited) @executable_path/Frameworks @loader_path/Frameworks";
				PRODUCT_BUNDLE_IDENTIFIER = com.example.FoodTrackerTests;
				PRODUCT_NAME = "Aspen IT Support";
				TEST_HOST = "$(BUILT_PRODUCTS_DIR)/Aspen IT Support.app/Aspen IT Support";
			};
			name = Release;
		};
/* End XCBuildConfiguration section */

/* Begin XCConfigurationList section */
		C4CCAA741BB08BE50072208B /* Build configuration list for PBXProject "Aspen IT Support" */ = {
			isa = XCConfigurationList;
			buildConfigurations = (
				C4CCAA941BB08BE50072208B /* Debug */,
				C4CCAA951BB08BE50072208B /* Release */,
			);
			defaultConfigurationIsVisible = 0;
			defaultConfigurationName = Release;
		};
		C4CCAA961BB08BE50072208B /* Build configuration list for PBXNativeTarget "Aspen IT Support" */ = {
			isa = XCConfigurationList;
			buildConfigurations = (
				C4CCAA971BB08BE50072208B /* Debug */,
				C4CCAA981BB08BE50072208B /* Release */,
			);
			defaultConfigurationIsVisible = 0;
			defaultConfigurationName = Release;
		};
		C4CCAA991BB08BE50072208B /* Build configuration list for PBXNativeTarget "Aspen IT SupportTests" */ = {
			isa = XCConfigurationList;
			buildConfigurations = (
				C4CCAA9A1BB08BE50072208B /* Debug */,
				C4CCAA9B1BB08BE50072208B /* Release */,
			);
			defaultConfigurationIsVisible = 0;
			defaultConfigurationName = Release;
		};
/* End XCConfigurationList section */
	};
	rootObject = C4CCAA711BB08BE50072208B /* Project object */;
}
